{
  "name": "mini-project-server",
  "version": "1.0.0",
  "lockfileVersion": 1,
  "requires": true,
  "dependencies": {
    "accepts": {
      "version": "1.3.7",
      "resolved": "https://registry.npm.taobao.org/accepts/download/accepts-1.3.7.tgz",
      "integrity": "sha1-UxvHJlF6OytB+FACHGzBXqq1B80=",
      "dev": true,
      "requires": {
        "mime-types": "~2.1.24",
        "negotiator": "0.6.2"
      }
    },
    "address": {
      "version": "1.1.2",
      "resolved": "https://registry.npmjs.org/address/-/address-1.1.2.tgz",
      "integrity": "sha512-aT6camzM4xEA54YVJYSqxz1kv4IHnQZRtThJJHhUMRExaU5spC7jX5ugSwTaTgJliIgs4VhZOk7htClvQ/LmRA=="
    },
    "agentkeepalive": {
      "version": "3.3.0",
      "resolved": "https://registry.npmjs.org/agentkeepalive/-/agentkeepalive-3.3.0.tgz",
      "integrity": "sha512-9yhcpXti2ZQE7bxuCsjjWNIZoQOd9sZ1ZBovHG0YeCRohFv73SLvcm73PC9T3olM4GyozaQb+4MGdQpcD8m7NQ==",
      "requires": {
        "humanize-ms": "^1.2.1"
      }
    },
    "any-promise": {
      "version": "1.3.0",
      "resolved": "https://registry.npm.taobao.org/any-promise/download/any-promise-1.3.0.tgz",
      "integrity": "sha1-q8av7tzqUugJzcA3au0845Y10X8="
    },
    "cache-content-type": {
      "version": "1.0.1",
      "resolved": "https://registry.npm.taobao.org/cache-content-type/download/cache-content-type-1.0.1.tgz",
      "integrity": "sha1-A1zeKwjuISn0qDFeqPAKANuhRTw=",
      "dev": true,
      "requires": {
        "mime-types": "^2.1.18",
        "ylru": "^1.2.0"
      }
    },
    "co": {
      "version": "4.6.0",
      "resolved": "https://registry.npm.taobao.org/co/download/co-4.6.0.tgz",
      "integrity": "sha1-bqa989hTrlTMuOR7+gvz+QMfsYQ=",
      "dev": true
    },
    "content-disposition": {
      "version": "0.5.3",
      "resolved": "https://registry.npm.taobao.org/content-disposition/download/content-disposition-0.5.3.tgz",
      "integrity": "sha1-4TDK9+cnkIfFYWwgB9BIVpiYT70=",
      "dev": true,
      "requires": {
        "safe-buffer": "5.1.2"
      }
    },
    "content-type": {
      "version": "1.0.4",
      "resolved": "https://registry.npm.taobao.org/content-type/download/content-type-1.0.4.tgz",
      "integrity": "sha1-4TjMdeBAxyexlm/l5fjJruJW/js="
    },
    "cookies": {
      "version": "0.7.3",
      "resolved": "https://registry.npm.taobao.org/cookies/download/cookies-0.7.3.tgz",
      "integrity": "sha1-eRLOIfvy6MLacM8cPzUa7PWdrfo=",
      "dev": true,
      "requires": {
        "depd": "~1.1.2",
        "keygrip": "~1.0.3"
      }
    },
    "crc32": {
      "version": "0.2.2",
      "resolved": "https://registry.npmjs.org/crc32/-/crc32-0.2.2.tgz",
      "integrity": "sha1-etIg1v/c0Rn5/BJ6d3LKzqOQpLo="
    },
    "debug": {
      "version": "3.1.0",
      "resolved": "https://registry.npm.taobao.org/debug/download/debug-3.1.0.tgz?cache=0&other_urls=https%3A%2F%2Fregistry.npm.taobao.org%2Fdebug%2Fdownload%2Fdebug-3.1.0.tgz",
      "integrity": "sha1-W7WgZyYotkFJVmuhaBnmFRjGcmE=",
      "dev": true,
      "requires": {
        "ms": "2.0.0"
      }
    },
    "deep-equal": {
      "version": "1.0.1",
      "resolved": "https://registry.npm.taobao.org/deep-equal/download/deep-equal-1.0.1.tgz",
      "integrity": "sha1-9dJgKStmDghO/0zbyfCK0yR0SLU=",
      "dev": true
    },
    "default-user-agent": {
      "version": "1.0.0",
      "resolved": "https://registry.npmjs.org/default-user-agent/-/default-user-agent-1.0.0.tgz",
      "integrity": "sha1-FsRu/cq6PtxF8k8r1IaLAbfCrcY=",
      "requires": {
        "os-name": "~1.0.3"
      }
    },
    "delegates": {
      "version": "1.0.0",
      "resolved": "https://registry.npm.taobao.org/delegates/download/delegates-1.0.0.tgz",
      "integrity": "sha1-hMbhWbgZBP3KWaDvRM2HDTElD5o=",
      "dev": true
    },
    "depd": {
      "version": "1.1.2",
      "resolved": "https://registry.npm.taobao.org/depd/download/depd-1.1.2.tgz",
      "integrity": "sha1-m81S4UwJd2PnSbJ0xDRu0uVgtak=",
      "dev": true
    },
    "destroy": {
      "version": "1.0.4",
      "resolved": "https://registry.npm.taobao.org/destroy/download/destroy-1.0.4.tgz",
      "integrity": "sha1-l4hXRCxEdJ5CBmE+N5RiBYJqvYA="
    },
    "digest-header": {
      "version": "0.0.1",
      "resolved": "https://registry.npmjs.org/digest-header/-/digest-header-0.0.1.tgz",
      "integrity": "sha1-Ecz23uxXZqw3l0TZAcEsuklRS+Y=",
      "requires": {
        "utility": "0.1.11"
      }
    },
    "ee-first": {
      "version": "1.1.1",
      "resolved": "https://registry.npm.taobao.org/ee-first/download/ee-first-1.1.1.tgz",
      "integrity": "sha1-WQxhFWsK4vTwJVcyoViyZrxWsh0="
    },
    "encodeurl": {
      "version": "1.0.2",
      "resolved": "https://registry.npm.taobao.org/encodeurl/download/encodeurl-1.0.2.tgz",
      "integrity": "sha1-rT/0yG7C0CkyL1oCw6mmBslbP1k="
    },
    "error-inject": {
      "version": "1.0.0",
      "resolved": "https://registry.npm.taobao.org/error-inject/download/error-inject-1.0.0.tgz",
      "integrity": "sha1-4rPZG1Su1nLzCdlQ0VSFD6EdTzc=",
      "dev": true
    },
    "escape-html": {
      "version": "1.0.3",
      "resolved": "https://registry.npm.taobao.org/escape-html/download/escape-html-1.0.3.tgz",
      "integrity": "sha1-Aljq5NPQwJdN4cFpGI7wBR0dGYg=",
      "dev": true
    },
    "formstream": {
      "version": "1.1.0",
      "resolved": "https://registry.npmjs.org/formstream/-/formstream-1.1.0.tgz",
      "integrity": "sha1-UfOXDyYTbrCtRDBN5M67UCB7RHk=",
      "requires": {
        "destroy": "^1.0.4",
        "mime": "^1.3.4",
        "pause-stream": "~0.0.11"
      },
      "dependencies": {
        "mime": {
          "version": "1.6.0",
          "resolved": "https://registry.npmjs.org/mime/-/mime-1.6.0.tgz",
          "integrity": "sha512-x0Vn8spI+wuJ1O6S7gnbaQg8Pxh4NNHb7KSINmEWKiPE4RKOplvijn+NkmYmmRgP68mc70j2EbeTFRsrswaQeg=="
        }
      }
    },
    "fresh": {
      "version": "0.5.2",
      "resolved": "https://registry.npm.taobao.org/fresh/download/fresh-0.5.2.tgz",
      "integrity": "sha1-PYyt2Q2XZWn6g1qx+OSyOhBWBac=",
      "dev": true
    },
    "http-assert": {
      "version": "1.4.1",
      "resolved": "https://registry.npm.taobao.org/http-assert/download/http-assert-1.4.1.tgz",
      "integrity": "sha1-xfcl1neqfoc+9zYZm4lobM6zeHg=",
      "dev": true,
      "requires": {
        "deep-equal": "~1.0.1",
        "http-errors": "~1.7.2"
      }
    },
    "http-errors": {
      "version": "1.7.3",
      "resolved": "https://registry.npm.taobao.org/http-errors/download/http-errors-1.7.3.tgz",
      "integrity": "sha1-bGGeT5xgMIw4UZSYwU+7EKrOuwY=",
      "dev": true,
      "requires": {
        "depd": "~1.1.2",
        "inherits": "2.0.4",
        "setprototypeof": "1.1.1",
        "statuses": ">= 1.5.0 < 2",
        "toidentifier": "1.0.0"
      }
    },
    "humanize-ms": {
      "version": "1.2.1",
      "resolved": "https://registry.npmjs.org/humanize-ms/-/humanize-ms-1.2.1.tgz",
      "integrity": "sha1-xG4xWaKT9riW2ikxbYtv6Lt5u+0=",
      "requires": {
        "ms": "^2.0.0"
      }
    },
    "iconv-lite": {
      "version": "0.4.24",
      "resolved": "https://registry.npmjs.org/iconv-lite/-/iconv-lite-0.4.24.tgz",
      "integrity": "sha512-v3MXnZAcvnywkTUEZomIActle7RXXeedOR31wwl7VlyoXO4Qi9arvSenNQWne1TcRwhCL1HwLI21bEqdpj8/rA==",
      "requires": {
        "safer-buffer": ">= 2.1.2 < 3"
      }
    },
    "inherits": {
      "version": "2.0.4",
      "resolved": "https://registry.npm.taobao.org/inherits/download/inherits-2.0.4.tgz?cache=0&sync_timestamp=1560975547815&other_urls=https%3A%2F%2Fregistry.npm.taobao.org%2Finherits%2Fdownload%2Finherits-2.0.4.tgz",
      "integrity": "sha1-D6LGT5MpF8NDOg3tVTY6rjdBa3w=",
      "dev": true
    },
    "is-generator-function": {
      "version": "1.0.7",
      "resolved": "https://registry.npm.taobao.org/is-generator-function/download/is-generator-function-1.0.7.tgz",
      "integrity": "sha1-0hMuUpuwAAp/gHlNS99c1eWBNSI=",
      "dev": true
    },
    "isarray": {
      "version": "0.0.1",
      "resolved": "https://registry.npm.taobao.org/isarray/download/isarray-0.0.1.tgz?cache=0&sync_timestamp=1562592096220&other_urls=https%3A%2F%2Fregistry.npm.taobao.org%2Fisarray%2Fdownload%2Fisarray-0.0.1.tgz",
      "integrity": "sha1-ihis/Kmo9Bd+Cav8YDiTmwXR7t8=",
      "dev": true
    },
    "keygrip": {
      "version": "1.0.3",
      "resolved": "https://registry.npm.taobao.org/keygrip/download/keygrip-1.0.3.tgz",
      "integrity": "sha1-OZ1wnwrtK6sKBZ4M3TpQI6BT4dw=",
      "dev": true
    },
    "koa": {
      "version": "2.8.2",
      "resolved": "https://registry.npm.taobao.org/koa/download/koa-2.8.2.tgz",
      "integrity": "sha1-37p3GmnBqY4BSCaATpUTLACvZhU=",
      "dev": true,
      "requires": {
        "accepts": "^1.3.5",
        "cache-content-type": "^1.0.0",
        "content-disposition": "~0.5.2",
        "content-type": "^1.0.4",
        "cookies": "~0.7.1",
        "debug": "~3.1.0",
        "delegates": "^1.0.0",
        "depd": "^1.1.2",
        "destroy": "^1.0.4",
        "encodeurl": "^1.0.2",
        "error-inject": "^1.0.0",
        "escape-html": "^1.0.3",
        "fresh": "~0.5.2",
        "http-assert": "^1.3.0",
        "http-errors": "^1.6.3",
        "is-generator-function": "^1.0.7",
        "koa-compose": "^4.1.0",
        "koa-convert": "^1.2.0",
        "koa-is-json": "^1.0.0",
        "on-finished": "^2.3.0",
        "only": "~0.0.2",
        "parseurl": "^1.3.2",
        "statuses": "^1.5.0",
        "type-is": "^1.6.16",
        "vary": "^1.1.2"
      }
    },
    "koa-compose": {
      "version": "4.1.0",
      "resolved": "https://registry.npm.taobao.org/koa-compose/download/koa-compose-4.1.0.tgz",
      "integrity": "sha1-UHMGuTcZAdtBEhyBLpI9DWfT6Hc=",
      "dev": true
    },
    "koa-convert": {
      "version": "1.2.0",
      "resolved": "https://registry.npm.taobao.org/koa-convert/download/koa-convert-1.2.0.tgz?cache=0&other_urls=https%3A%2F%2Fregistry.npm.taobao.org%2Fkoa-convert%2Fdownload%2Fkoa-convert-1.2.0.tgz",
      "integrity": "sha1-2kCHXfSd4FOQmNFwC1CCDOvNIdA=",
      "dev": true,
      "requires": {
        "co": "^4.6.0",
        "koa-compose": "^3.0.0"
      },
      "dependencies": {
        "koa-compose": {
          "version": "3.2.1",
          "resolved": "https://registry.npm.taobao.org/koa-compose/download/koa-compose-3.2.1.tgz",
          "integrity": "sha1-qFzLQLfZhtjlo0Wzoazo6rz1Tec=",
          "dev": true,
          "requires": {
            "any-promise": "^1.1.0"
          }
        }
      }
    },
    "koa-is-json": {
      "version": "1.0.0",
      "resolved": "https://registry.npm.taobao.org/koa-is-json/download/koa-is-json-1.0.0.tgz",
      "integrity": "sha1-JzwH7c3Ljfaiwat9We52SRRR7BQ=",
      "dev": true
    },
    "koa-router": {
      "version": "7.4.0",
      "resolved": "https://registry.npm.taobao.org/koa-router/download/koa-router-7.4.0.tgz",
      "integrity": "sha1-ruH3rcAtXLMdfWdGXJ6syCXoxeA=",
      "dev": true,
      "requires": {
        "debug": "^3.1.0",
        "http-errors": "^1.3.1",
        "koa-compose": "^3.0.0",
        "methods": "^1.0.1",
        "path-to-regexp": "^1.1.1",
        "urijs": "^1.19.0"
      },
      "dependencies": {
        "koa-compose": {
          "version": "3.2.1",
          "resolved": "https://registry.npm.taobao.org/koa-compose/download/koa-compose-3.2.1.tgz",
          "integrity": "sha1-qFzLQLfZhtjlo0Wzoazo6rz1Tec=",
          "dev": true,
          "requires": {
            "any-promise": "^1.1.0"
          }
        }
      }
    },
    "media-typer": {
      "version": "0.3.0",
      "resolved": "https://registry.npm.taobao.org/media-typer/download/media-typer-0.3.0.tgz",
      "integrity": "sha1-hxDXrwqmJvj/+hzgAWhUUmMlV0g=",
      "dev": true
    },
    "methods": {
      "version": "1.1.2",
      "resolved": "https://registry.npm.taobao.org/methods/download/methods-1.1.2.tgz",
      "integrity": "sha1-VSmk1nZUE07cxSZmVoNbD4Ua/O4=",
      "dev": true
    },
    "mime": {
      "version": "2.3.1",
      "resolved": "https://registry.npmjs.org/mime/-/mime-2.3.1.tgz",
      "integrity": "sha512-OEUllcVoydBHGN1z84yfQDimn58pZNNNXgZlHXSboxMlFvgI6MXSWpWKpFRra7H1HxpVhHTkrghfRW49k6yjeg=="
    },
    "mime-db": {
      "version": "1.40.0",
      "resolved": "https://registry.npm.taobao.org/mime-db/download/mime-db-1.40.0.tgz",
      "integrity": "sha1-plBX6ZjbCQ9zKmj2wnbTh9QSbDI=",
      "dev": true
    },
    "mime-types": {
      "version": "2.1.24",
      "resolved": "https://registry.npm.taobao.org/mime-types/download/mime-types-2.1.24.tgz?cache=0&other_urls=https%3A%2F%2Fregistry.npm.taobao.org%2Fmime-types%2Fdownload%2Fmime-types-2.1.24.tgz",
      "integrity": "sha1-tvjQs+lR77d97eyhlM/20W9nb4E=",
      "dev": true,
      "requires": {
        "mime-db": "1.40.0"
      }
    },
    "minimist": {
      "version": "1.2.0",
      "resolved": "https://registry.npmjs.org/minimist/-/minimist-1.2.0.tgz",
      "integrity": "sha1-o1AIsg9BOD7sH7kU9M1d95omQoQ="
    },
    "ms": {
      "version": "2.0.0",
      "resolved": "https://registry.npm.taobao.org/ms/download/ms-2.0.0.tgz?cache=0&other_urls=https%3A%2F%2Fregistry.npm.taobao.org%2Fms%2Fdownload%2Fms-2.0.0.tgz",
      "integrity": "sha1-VgiurfwAvmwpAd9fmGF4jeDVl8g="
    },
    "negotiator": {
      "version": "0.6.2",
      "resolved": "https://registry.npm.taobao.org/negotiator/download/negotiator-0.6.2.tgz",
      "integrity": "sha1-/qz3zPUlp3rpY0Q2pkiD/+yjRvs=",
      "dev": true
    },
    "on-finished": {
      "version": "2.3.0",
      "resolved": "https://registry.npm.taobao.org/on-finished/download/on-finished-2.3.0.tgz",
      "integrity": "sha1-IPEzZIGwg811M3mSoWlxqi2QaUc=",
      "dev": true,
      "requires": {
        "ee-first": "1.1.1"
      }
    },
    "only": {
      "version": "0.0.2",
      "resolved": "https://registry.npm.taobao.org/only/download/only-0.0.2.tgz",
      "integrity": "sha1-Kv3oTQPlC5qO3EROMGEKcCle37Q=",
      "dev": true
    },
    "os-name": {
      "version": "1.0.3",
      "resolved": "https://registry.npmjs.org/os-name/-/os-name-1.0.3.tgz",
      "integrity": "sha1-GzefZINa98Wn9JizV8uVIVwVnt8=",
      "requires": {
        "osx-release": "^1.0.0",
        "win-release": "^1.0.0"
      }
    },
    "osx-release": {
      "version": "1.1.0",
      "resolved": "https://registry.npmjs.org/osx-release/-/osx-release-1.1.0.tgz",
      "integrity": "sha1-8heRGigTaUmvG/kwiyQeJzfTzWw=",
      "requires": {
        "minimist": "^1.1.0"
      }
    },
    "parseurl": {
      "version": "1.3.3",
      "resolved": "https://registry.npm.taobao.org/parseurl/download/parseurl-1.3.3.tgz",
      "integrity": "sha1-naGee+6NEt/wUT7Vt2lXeTvC6NQ=",
      "dev": true
    },
    "path-to-regexp": {
      "version": "1.7.0",
      "resolved": "https://registry.npm.taobao.org/path-to-regexp/download/path-to-regexp-1.7.0.tgz",
      "integrity": "sha1-Wf3g9DW62suhA6hOnTvGTpa5k30=",
      "dev": true,
      "requires": {
        "isarray": "0.0.1"
      }
    },
    "pause-stream": {
      "version": "0.0.11",
      "resolved": "https://registry.npmjs.org/pause-stream/-/pause-stream-0.0.11.tgz",
      "integrity": "sha1-/lo0sMvOErWqaitAPuLnO2AvFEU=",
      "requires": {
        "through": "~2.3"
      }
    },
    "qiniu": {
      "version": "7.2.2",
      "resolved": "https://registry.npmjs.org/qiniu/-/qiniu-7.2.2.tgz",
      "integrity": "sha512-LHEKoJqjQBiXqvzM9BWuIc+8sV/nOKNR5nJmonsyv9S6XMcCvMCU5+xjLwyt0U2wc3IkqcDYvjAFVrL+sfghjA==",
      "requires": {
        "agentkeepalive": "3.3.0",
        "crc32": "0.2.2",
        "encodeurl": "^1.0.1",
        "formstream": "1.1.0",
        "mime": "2.3.1",
        "tunnel-agent": "0.6.0",
        "urllib": "2.22.0"
      }
    },
    "qs": {
      "version": "6.9.0",
      "resolved": "https://registry.npmjs.org/qs/-/qs-6.9.0.tgz",
      "integrity": "sha512-27RP4UotQORTpmNQDX8BHPukOnBP3p1uUJY5UnDhaJB+rMt9iMsok724XL+UHU23bEFOHRMQ2ZhI99qOWUMGFA=="
    },
    "safe-buffer": {
      "version": "5.1.2",
      "resolved": "https://registry.npm.taobao.org/safe-buffer/download/safe-buffer-5.1.2.tgz",
      "integrity": "sha1-mR7GnSluAxN0fVm9/St0XDX4go0="
    },
    "safer-buffer": {
      "version": "2.1.2",
      "resolved": "https://registry.npmjs.org/safer-buffer/-/safer-buffer-2.1.2.tgz",
      "integrity": "sha512-YZo3K82SD7Riyi0E1EQPojLz7kpepnSQI9IyPbHHg1XXXevb5dJI7tpyN2ADxGcQbHG7vcyRHk0cbwqcQriUtg=="
    },
    "semver": {
      "version": "5.7.1",
      "resolved": "https://registry.npmjs.org/semver/-/semver-5.7.1.tgz",
      "integrity": "sha512-sauaDf/PZdVgrLTNYHRtpXa1iRiKcaebiKQ1BJdpQlWH2lCvexQdX55snPFyK7QzpudqbCI0qXFfOasHdyNDGQ=="
    },
    "setprototypeof": {
      "version": "1.1.1",
      "resolved": "https://registry.npm.taobao.org/setprototypeof/download/setprototypeof-1.1.1.tgz",
      "integrity": "sha1-fpWsskqpL1iF4KvvW6ExMw1K5oM=",
      "dev": true
    },
    "statuses": {
      "version": "1.5.0",
      "resolved": "https://registry.npm.taobao.org/statuses/download/statuses-1.5.0.tgz",
      "integrity": "sha1-Fhx9rBd2Wf2YEfQ3cfqZOBR4Yow="
    },
    "through": {
      "version": "2.3.8",
      "resolved": "https://registry.npmjs.org/through/-/through-2.3.8.tgz",
      "integrity": "sha1-DdTJ/6q8NXlgsbckEV1+Doai4fU="
    },
    "toidentifier": {
      "version": "1.0.0",
      "resolved": "https://registry.npm.taobao.org/toidentifier/download/toidentifier-1.0.0.tgz",
      "integrity": "sha1-fhvjRw8ed5SLxD2Uo8j013UrpVM=",
      "dev": true
    },
    "tunnel-agent": {
      "version": "0.6.0",
      "resolved": "https://registry.npmjs.org/tunnel-agent/-/tunnel-agent-0.6.0.tgz",
      "integrity": "sha1-J6XeoGs2sEoKmWZ3SykIaPD8QP0=",
      "requires": {
        "safe-buffer": "^5.0.1"
      }
    },
    "type-is": {
      "version": "1.6.18",
      "resolved": "https://registry.npm.taobao.org/type-is/download/type-is-1.6.18.tgz",
      "integrity": "sha1-TlUs0F3wlGfcvE73Od6J8s83wTE=",
      "dev": true,
      "requires": {
        "media-typer": "0.3.0",
        "mime-types": "~2.1.24"
      }
    },
    "urijs": {
      "version": "1.19.1",
      "resolved": "https://registry.npm.taobao.org/urijs/download/urijs-1.19.1.tgz",
      "integrity": "sha1-Ww/1MMDL3oOG9jQiNbpcpumV0lo=",
      "dev": true
    },
    "urllib": {
      "version": "2.22.0",
      "resolved": "https://registry.npmjs.org/urllib/-/urllib-2.22.0.tgz",
      "integrity": "sha1-KWXcSuEnpvtpW32yfTGE8X2Cy0I=",
      "requires": {
        "any-promise": "^1.3.0",
        "content-type": "^1.0.2",
        "debug": "^2.6.0",
        "default-user-agent": "^1.0.0",
        "digest-header": "^0.0.1",
        "ee-first": "~1.1.1",
        "humanize-ms": "^1.2.0",
        "iconv-lite": "^0.4.15",
        "qs": "^6.4.0",
        "statuses": "^1.3.1"
      },
      "dependencies": {
        "debug": {
          "version": "2.6.9",
          "resolved": "https://registry.npmjs.org/debug/-/debug-2.6.9.tgz",
          "integrity": "sha512-bC7ElrdJaJnPbAP+1EotYvqZsb3ecl5wi6Bfi6BJTUcNowp6cvspg0jXznRTKDjm/E7AdgFBVeAPVMNcKGsHMA==",
          "requires": {
            "ms": "2.0.0"
          }
        }
      }
    },
    "utility": {
      "version": "0.1.11",
      "resolved": "https://registry.npmjs.org/utility/-/utility-0.1.11.tgz",
      "integrity": "sha1-/eYM+bTkdRlHoM9dEEzik2ciZxU=",
      "requires": {
        "address": ">=0.0.1"
      }
    },
    "vary": {
      "version": "1.1.2",
      "resolved": "https://registry.npm.taobao.org/vary/download/vary-1.1.2.tgz",
      "integrity": "sha1-IpnwLG3tMNSllhsLn3RSShj2NPw=",
      "dev": true
    },
    "win-release": {
      "version": "1.1.1",
      "resolved": "https://registry.npmjs.org/win-release/-/win-release-1.1.1.tgz",
      "integrity": "sha1-X6VeAr58qTTt/BJmVjLoSbcuUgk=",
      "requires": {
        "semver": "^5.0.1"
      }
    },
    "ylru": {
      "version": "1.2.1",
      "resolved": "https://registry.npm.taobao.org/ylru/download/ylru-1.2.1.tgz",
      "integrity": "sha1-9Xa2M0FUeYnB3nuiiHYJI7J/6E8=",
      "dev": true
    }
  }
}
